
Microsoft Visual Studio Solution File, Format Version 12.00
# Visual Studio Version 16
VisualStudioVersion = 16.0.31005.135
MinimumVisualStudioVersion = 10.0.40219.1
Project("{FAE04EC0-301F-11D3-BF4B-00C04F79EFBC}") = "Słownik (Dictionary)", "Słownik (Dictionary)\Słownik (Dictionary).csproj", "{31A12EB5-4D7B-4B89-A921-DDB689369B64}"
EndProject
Global
	GlobalSection(SolutionConfigurationPlatforms) = preSolution
		Debug|Any CPU = Debug|Any CPU
		Release|Any CPU = Release|Any CPU
	EndGlobalSection
	GlobalSection(ProjectConfigurationPlatforms) = postSolution
		{31A12EB5-4D7B-4B89-A921-DDB689369B64}.Debug|Any CPU.ActiveCfg = Debug|Any CPU
		{31A12EB5-4D7B-4B89-A921-DDB689369B64}.Debug|Any CPU.Build.0 = Debug|Any CPU
		{31A12EB5-4D7B-4B89-A921-DDB689369B64}.Release|Any CPU.ActiveCfg = Release|Any CPU
		{31A12EB5-4D7B-4B89-A921-DDB689369B64}.Release|Any CPU.Build.0 = Release|Any CPU
	EndGlobalSection
	GlobalSection(SolutionProperties) = preSolution
		HideSolutionNode = FALSE
	EndGlobalSection
	GlobalSection(ExtensibilityGlobals) = postSolution
		SolutionGuid = {CC8080FF-9746-44B0-884F-CFF936814DA5}
	EndGlobalSection
EndGlobal
